
Microsoft Visual Studio Solution File, Format Version 12.00
# Visual Studio Version 17
VisualStudioVersion = 17.2.32317.152
MinimumVisualStudioVersion = 10.0.40219.1
Project("{9A19103F-16F7-4668-BE54-9A1E7A4F7556}") = "RazorClassLibrary1", "RazorClassLibrary1\RazorClassLibrary1.csproj", "{480109A2-6B06-4BD5-A21D-58B0EFCE2BF3}"
EndProject
Project("{9A19103F-16F7-4668-BE54-9A1E7A4F7556}") = "RazorClassLibrary1.Test", "RazorClassLibrary1.Test\RazorClassLibrary1.Test.csproj", "{80C98ADE-EFE7-4628-A2B1-83C51817099E}"
EndProject
Project("{2150E333-8FDC-42A3-9474-1A3956D46DE8}") = "README", "README", "{F8AEB8B9-9001-4B3B-9DED-885F72567642}"
	ProjectSection(SolutionItems) = preProject
		LICENSE = LICENSE
		README.md = README.md
	EndProjectSection
EndProject
Global
	GlobalSection(SolutionConfigurationPlatforms) = preSolution
		Debug|Any CPU = Debug|Any CPU
		Release|Any CPU = Release|Any CPU
	EndGlobalSection
	GlobalSection(ProjectConfigurationPlatforms) = postSolution
		{480109A2-6B06-4BD5-A21D-58B0EFCE2BF3}.Debug|Any CPU.ActiveCfg = Debug|Any CPU
		{480109A2-6B06-4BD5-A21D-58B0EFCE2BF3}.Debug|Any CPU.Build.0 = Debug|Any CPU
		{480109A2-6B06-4BD5-A21D-58B0EFCE2BF3}.Release|Any CPU.ActiveCfg = Release|Any CPU
		{480109A2-6B06-4BD5-A21D-58B0EFCE2BF3}.Release|Any CPU.Build.0 = Release|Any CPU
		{80C98ADE-EFE7-4628-A2B1-83C51817099E}.Debug|Any CPU.ActiveCfg = Debug|Any CPU
		{80C98ADE-EFE7-4628-A2B1-83C51817099E}.Debug|Any CPU.Build.0 = Debug|Any CPU
		{80C98ADE-EFE7-4628-A2B1-83C51817099E}.Release|Any CPU.ActiveCfg = Release|Any CPU
		{80C98ADE-EFE7-4628-A2B1-83C51817099E}.Release|Any CPU.Build.0 = Release|Any CPU
	EndGlobalSection
	GlobalSection(SolutionProperties) = preSolution
		HideSolutionNode = FALSE
	EndGlobalSection
	GlobalSection(ExtensibilityGlobals) = postSolution
		SolutionGuid = {AD70DF89-AEEF-492D-80FD-0D8C1AAC15B1}
	EndGlobalSection
EndGlobal
